
Microsoft Visual Studio Solution File, Format Version 12.00
# Visual Studio Version 17
VisualStudioVersion = 17.6.33829.357
MinimumVisualStudioVersion = 10.0.40219.1
Project("{FAE04EC0-301F-11D3-BF4B-00C04F79EFBC}") = "redis-asp.net", "redis-asp.net.csproj", "{B06F61E3-93E4-4B00-943B-0E84D9CF8FAA}"
EndProject
Global
	GlobalSection(SolutionConfigurationPlatforms) = preSolution
		Debug|Any CPU = Debug|Any CPU
		Release|Any CPU = Release|Any CPU
	EndGlobalSection
	GlobalSection(ProjectConfigurationPlatforms) = postSolution
		{B06F61E3-93E4-4B00-943B-0E84D9CF8FAA}.Debug|Any CPU.ActiveCfg = Debug|Any CPU
		{B06F61E3-93E4-4B00-943B-0E84D9CF8FAA}.Debug|Any CPU.Build.0 = Debug|Any CPU
		{B06F61E3-93E4-4B00-943B-0E84D9CF8FAA}.Release|Any CPU.ActiveCfg = Release|Any CPU
		{B06F61E3-93E4-4B00-943B-0E84D9CF8FAA}.Release|Any CPU.Build.0 = Release|Any CPU
	EndGlobalSection
	GlobalSection(SolutionProperties) = preSolution
		HideSolutionNode = FALSE
	EndGlobalSection
	GlobalSection(ExtensibilityGlobals) = postSolution
		SolutionGuid = {5F34F12D-1275-4BF5-9FEC-1C42898C4A7F}
	EndGlobalSection
EndGlobal
